{
  "name": "src",
  "version": "1.0.0",
  "lockfileVersion": 1,
  "requires": true,
  "dependencies": {
    "@angular/material": {
      "version": "8.2.3",
      "resolved": "https://registry.npmjs.org/@angular/material/-/material-8.2.3.tgz",
      "integrity": "sha512-SOczkIaqes+r+9XF/UUiokidfFKBpHkOPIaFK857sFD0FBNPvPEpOr5oHKCG3feERRwAFqHS7Wo2ohVEWypb5A==",
      "requires": {
        "tslib": "^1.7.1"
      }
    },
    "ng2-search-filter": {
      "version": "0.5.1",
      "resolved": "https://registry.npmjs.org/ng2-search-filter/-/ng2-search-filter-0.5.1.tgz",
      "integrity": "sha512-noN8R+Gyxo5ZuboEOvq+u0zKio6pEf1IVYQTCZfAfXm6ONmzWu/M2xK0di9oVUprDbPBQXCGUuvD5i2GD+35HA=="
    },
    "ngx-pagination": {
      "version": "5.0.0",
      "resolved": "https://registry.npmjs.org/ngx-pagination/-/ngx-pagination-5.0.0.tgz",
      "integrity": "sha512-Ur0pTWRe2ZXoJ8impEzo0IZKxY5aEcQfSmL5uBqW1rHI2J6nfzgZAHsSLagKHFGchXq0PkRlDVVMcIaNxYJwvQ=="
    },
    "tslib": {
      "version": "1.13.0",
      "resolved": "https://registry.npmjs.org/tslib/-/tslib-1.13.0.tgz",
      "integrity": "sha512-i/6DQjL8Xf3be4K/E6Wgpekn5Qasl1usyw++dAA35Ue5orEn65VIxOA+YvNNl9HV3qv70T7CNwjODHZrLwvd1Q=="
    }
  }
}
